// !$*UTF8*$!
{
	archiveVersion = 1;
	classes = {
	};
	objectVersion = 56;
	objects = {

/* Begin PBXBuildFile section */
		85D0784728EAA8C80031A2AE /* AppDelegate.swift in Sources */ = {isa = PBXBuildFile; fileRef = 85D0784628EAA8C80031A2AE /* AppDelegate.swift */; };
		85D0784928EAA8C80031A2AE /* SceneDelegate.swift in Sources */ = {isa = PBXBuildFile; fileRef = 85D0784828EAA8C80031A2AE /* SceneDelegate.swift */; };
		85D0784B28EAA8C80031A2AE /* NewAccount.swift in Sources */ = {isa = PBXBuildFile; fileRef = 85D0784A28EAA8C80031A2AE /* NewAccount.swift */; };
		85D0784E28EAA8C80031A2AE /* Main.storyboard in Resources */ = {isa = PBXBuildFile; fileRef = 85D0784C28EAA8C80031A2AE /* Main.storyboard */; };
		85D0785028EAA8C90031A2AE /* Assets.xcassets in Resources */ = {isa = PBXBuildFile; fileRef = 85D0784F28EAA8C90031A2AE /* Assets.xcassets */; };
		85D0785328EAA8C90031A2AE /* LaunchScreen.storyboard in Resources */ = {isa = PBXBuildFile; fileRef = 85D0785128EAA8C90031A2AE /* LaunchScreen.storyboard */; };
		85D0785B28EAAA1D0031A2AE /* LoginMenu.swift in Sources */ = {isa = PBXBuildFile; fileRef = 85D0785A28EAAA1D0031A2AE /* LoginMenu.swift */; };
		85D0785D28EAAF980031A2AE /* CheckAccount.swift in Sources */ = {isa = PBXBuildFile; fileRef = 85D0785C28EAAF980031A2AE /* CheckAccount.swift */; };
		85D0785F28EAC1600031A2AE /* KakaoCustomView.swift in Sources */ = {isa = PBXBuildFile; fileRef = 85D0785E28EAC1600031A2AE /* KakaoCustomView.swift */; };
/* End PBXBuildFile section */

/* Begin PBXFileReference section */
		85D0784328EAA8C80031A2AE /* fist_assignment.app */ = {isa = PBXFileReference; explicitFileType = wrapper.application; includeInIndex = 0; path = fist_assignment.app; sourceTree = BUILT_PRODUCTS_DIR; };
		85D0784628EAA8C80031A2AE /* AppDelegate.swift */ = {isa = PBXFileReference; lastKnownFileType = sourcecode.swift; path = AppDelegate.swift; sourceTree = "<group>"; };
		85D0784828EAA8C80031A2AE /* SceneDelegate.swift */ = {isa = PBXFileReference; lastKnownFileType = sourcecode.swift; path = SceneDelegate.swift; sourceTree = "<group>"; };
		85D0784A28EAA8C80031A2AE /* NewAccount.swift */ = {isa = PBXFileReference; lastKnownFileType = sourcecode.swift; path = NewAccount.swift; sourceTree = "<group>"; };
		85D0784D28EAA8C80031A2AE /* Base */ = {isa = PBXFileReference; lastKnownFileType = file.storyboard; name = Base; path = Base.lproj/Main.storyboard; sourceTree = "<group>"; };
		85D0784F28EAA8C90031A2AE /* Assets.xcassets */ = {isa = PBXFileReference; lastKnownFileType = folder.assetcatalog; path = Assets.xcassets; sourceTree = "<group>"; };
		85D0785228EAA8C90031A2AE /* Base */ = {isa = PBXFileReference; lastKnownFileType = file.storyboard; name = Base; path = Base.lproj/LaunchScreen.storyboard; sourceTree = "<group>"; };
		85D0785428EAA8C90031A2AE /* Info.plist */ = {isa = PBXFileReference; lastKnownFileType = text.plist.xml; path = Info.plist; sourceTree = "<group>"; };
		85D0785A28EAAA1D0031A2AE /* LoginMenu.swift */ = {isa = PBXFileReference; lastKnownFileType = sourcecode.swift; path = LoginMenu.swift; sourceTree = "<group>"; };
		85D0785C28EAAF980031A2AE /* CheckAccount.swift */ = {isa = PBXFileReference; lastKnownFileType = sourcecode.swift; path = CheckAccount.swift; sourceTree = "<group>"; };
		85D0785E28EAC1600031A2AE /* KakaoCustomView.swift */ = {isa = PBXFileReference; lastKnownFileType = sourcecode.swift; path = KakaoCustomView.swift; sourceTree = "<group>"; };
/* End PBXFileReference section */

/* Begin PBXFrameworksBuildPhase section */
		85D0784028EAA8C80031A2AE /* Frameworks */ = {
			isa = PBXFrameworksBuildPhase;
			buildActionMask = 2147483647;
			files = (
			);
			runOnlyForDeploymentPostprocessing = 0;
		};
/* End PBXFrameworksBuildPhase section */

/* Begin PBXGroup section */
		85D0783A28EAA8C80031A2AE = {
			isa = PBXGroup;
			children = (
				85D0784528EAA8C80031A2AE /* first_assignment */,
				85D0784428EAA8C80031A2AE /* Products */,
			);
			sourceTree = "<group>";
		};
		85D0784428EAA8C80031A2AE /* Products */ = {
			isa = PBXGroup;
			children = (
				85D0784328EAA8C80031A2AE /* fist_assignment.app */,
			);
			name = Products;
			sourceTree = "<group>";
		};
		85D0784528EAA8C80031A2AE /* first_assignment */ = {
			isa = PBXGroup;
			children = (
				85D0784628EAA8C80031A2AE /* AppDelegate.swift */,
				85D0784828EAA8C80031A2AE /* SceneDelegate.swift */,
				85D0785A28EAAA1D0031A2AE /* LoginMenu.swift */,
				85D0784A28EAA8C80031A2AE /* NewAccount.swift */,
				85D0785C28EAAF980031A2AE /* CheckAccount.swift */,
				85D0785E28EAC1600031A2AE /* KakaoCustomView.swift */,
				85D0784C28EAA8C80031A2AE /* Main.storyboard */,
				85D0784F28EAA8C90031A2AE /* Assets.xcassets */,
				85D0785128EAA8C90031A2AE /* LaunchScreen.storyboard */,
				85D0785428EAA8C90031A2AE /* Info.plist */,
			);
			path = first_assignment;
			sourceTree = "<group>";
		};
/* End PBXGroup section */

/* Begin PBXNativeTarget section */
		85D0784228EAA8C80031A2AE /* fist_assignment */ = {
			isa = PBXNativeTarget;
			buildConfigurationList = 85D0785728EAA8C90031A2AE /* Build configuration list for PBXNativeTarget "fist_assignment" */;
			buildPhases = (
				85D0783F28EAA8C80031A2AE /* Sources */,
				85D0784028EAA8C80031A2AE /* Frameworks */,
				85D0784128EAA8C80031A2AE /* Resources */,
			);
			buildRules = (
			);
			dependencies = (
			);
			name = fist_assignment;
			productName = "first assignment";
			productReference = 85D0784328EAA8C80031A2AE /* fist_assignment.app */;
			productType = "com.apple.product-type.application";
		};
/* End PBXNativeTarget section */

/* Begin PBXProject section */
		85D0783B28EAA8C80031A2AE /* Project object */ = {
			isa = PBXProject;
			attributes = {
				BuildIndependentTargetsInParallel = 1;
				LastSwiftUpdateCheck = 1400;
				LastUpgradeCheck = 1400;
				TargetAttributes = {
					85D0784228EAA8C80031A2AE = {
						CreatedOnToolsVersion = 14.0.1;
					};
				};
			};
			buildConfigurationList = 85D0783E28EAA8C80031A2AE /* Build configuration list for PBXProject "fist_assignment" */;
			compatibilityVersion = "Xcode 14.0";
			developmentRegion = en;
			hasScannedForEncodings = 0;
			knownRegions = (
				en,
				Base,
			);
			mainGroup = 85D0783A28EAA8C80031A2AE;
			packageReferences = (
				85ECE4AA28F56EA000050B6F /* XCRemoteSwiftPackageReference "SnapKit" */,
			);
			productRefGroup = 85D0784428EAA8C80031A2AE /* Products */;
			projectDirPath = "";
			projectRoot = "";
			targets = (
				85D0784228EAA8C80031A2AE /* fist_assignment */,
			);
		};
/* End PBXProject section */

/* Begin PBXResourcesBuildPhase section */
		85D0784128EAA8C80031A2AE /* Resources */ = {
			isa = PBXResourcesBuildPhase;
			buildActionMask = 2147483647;
			files = (
				85D0785328EAA8C90031A2AE /* LaunchScreen.storyboard in Resources */,
				85D0785028EAA8C90031A2AE /* Assets.xcassets in Resources */,
				85D0784E28EAA8C80031A2AE /* Main.storyboard in Resources */,
			);
			runOnlyForDeploymentPostprocessing = 0;
		};
/* End PBXResourcesBuildPhase section */

/* Begin PBXSourcesBuildPhase section */
		85D0783F28EAA8C80031A2AE /* Sources */ = {
			isa = PBXSourcesBuildPhase;
			buildActionMask = 2147483647;
			files = (
				85D0784B28EAA8C80031A2AE /* NewAccount.swift in Sources */,
				85D0785D28EAAF980031A2AE /* CheckAccount.swift in Sources */,
				85D0784728EAA8C80031A2AE /* AppDelegate.swift in Sources */,
				85D0785F28EAC1600031A2AE /* KakaoCustomView.swift in Sources */,
				85D0785B28EAAA1D0031A2AE /* LoginMenu.swift in Sources */,
				85D0784928EAA8C80031A2AE /* SceneDelegate.swift in Sources */,
			);
			runOnlyForDeploymentPostprocessing = 0;
		};
/* End PBXSourcesBuildPhase section */

/* Begin PBXVariantGroup section */
		85D0784C28EAA8C80031A2AE /* Main.storyboard */ = {
			isa = PBXVariantGroup;
			children = (
				85D0784D28EAA8C80031A2AE /* Base */,
			);
			name = Main.storyboard;
			sourceTree = "<group>";
		};
		85D0785128EAA8C90031A2AE /* LaunchScreen.storyboard */ = {
			isa = PBXVariantGroup;
			children = (
				85D0785228EAA8C90031A2AE /* Base */,
			);
			name = LaunchScreen.storyboard;
			sourceTree = "<group>";
		};
/* End PBXVariantGroup section */

/* Begin XCBuildConfiguration section */
		85D0785528EAA8C90031A2AE /* Debug */ = {
			isa = XCBuildConfiguration;
			buildSettings = {
				ALWAYS_SEARCH_USER_PATHS = NO;
				CLANG_ANALYZER_NONNULL = YES;
				CLANG_ANALYZER_NUMBER_OBJECT_CONVERSION = YES_AGGRESSIVE;
				CLANG_CXX_LANGUAGE_STANDARD = "gnu++20";
				CLANG_ENABLE_MODULES = YES;
				CLANG_ENABLE_OBJC_ARC = YES;
				CLANG_ENABLE_OBJC_WEAK = YES;
				CLANG_WARN_BLOCK_CAPTURE_AUTORELEASING = YES;
				CLANG_WARN_BOOL_CONVERSION = YES;
				CLANG_WARN_COMMA = YES;
				CLANG_WARN_CONSTANT_CONVERSION = YES;
				CLANG_WARN_DEPRECATED_OBJC_IMPLEMENTATIONS = YES;
				CLANG_WARN_DIRECT_OBJC_ISA_USAGE = YES_ERROR;
				CLANG_WARN_DOCUMENTATION_COMMENTS = YES;
				CLANG_WARN_EMPTY_BODY = YES;
				CLANG_WARN_ENUM_CONVERSION = YES;
				CLANG_WARN_INFINITE_RECURSION = YES;
				CLANG_WARN_INT_CONVERSION = YES;
				CLANG_WARN_NON_LITERAL_NULL_CONVERSION = YES;
				CLANG_WARN_OBJC_IMPLICIT_RETAIN_SELF = YES;
				CLANG_WARN_OBJC_LITERAL_CONVERSION = YES;
				CLANG_WARN_OBJC_ROOT_CLASS = YES_ERROR;
				CLANG_WARN_QUOTED_INCLUDE_IN_FRAMEWORK_HEADER = YES;
				CLANG_WARN_RANGE_LOOP_ANALYSIS = YES;
				CLANG_WARN_STRICT_PROTOTYPES = YES;
				CLANG_WARN_SUSPICIOUS_MOVE = YES;
				CLANG_WARN_UNGUARDED_AVAILABILITY = YES_AGGRESSIVE;
				CLANG_WARN_UNREACHABLE_CODE = YES;
				CLANG_WARN__DUPLICATE_METHOD_MATCH = YES;
				COPY_PHASE_STRIP = NO;
				DEBUG_INFORMATION_FORMAT = dwarf;
				ENABLE_STRICT_OBJC_MSGSEND = YES;
				ENABLE_TESTABILITY = YES;
				GCC_C_LANGUAGE_STANDARD = gnu11;
				GCC_DYNAMIC_NO_PIC = NO;
				GCC_NO_COMMON_BLOCKS = YES;
				GCC_OPTIMIZATION_LEVEL = 0;
				GCC_PREPROCESSOR_DEFINITIONS = (
					"DEBUG=1",
					"$(inherited)",
				);
				GCC_WARN_64_TO_32_BIT_CONVERSION = YES;
				GCC_WARN_ABOUT_RETURN_TYPE = YES_ERROR;
				GCC_WARN_UNDECLARED_SELECTOR = YES;
				GCC_WARN_UNINITIALIZED_AUTOS = YES_AGGRESSIVE;
				GCC_WARN_UNUSED_FUNCTION = YES;
				GCC_WARN_UNUSED_VARIABLE = YES;
				IPHONEOS_DEPLOYMENT_TARGET = 16.0;
				MTL_ENABLE_DEBUG_INFO = INCLUDE_SOURCE;
				MTL_FAST_MATH = YES;
				ONLY_ACTIVE_ARCH = YES;
				SDKROOT = iphoneos;
				SWIFT_ACTIVE_COMPILATION_CONDITIONS = DEBUG;
				SWIFT_OPTIMIZATION_LEVEL = "-Onone";
			};
			name = Debug;
		};
		85D0785628EAA8C90031A2AE /* Release */ = {
			isa = XCBuildConfiguration;
			buildSettings = {
				ALWAYS_SEARCH_USER_PATHS = NO;
				CLANG_ANALYZER_NONNULL = YES;
				CLANG_ANALYZER_NUMBER_OBJECT_CONVERSION = YES_AGGRESSIVE;
				CLANG_CXX_LANGUAGE_STANDARD = "gnu++20";
				CLANG_ENABLE_MODULES = YES;
				CLANG_ENABLE_OBJC_ARC = YES;
				CLANG_ENABLE_OBJC_WEAK = YES;
				CLANG_WARN_BLOCK_CAPTURE_AUTORELEASING = YES;
				CLANG_WARN_BOOL_CONVERSION = YES;
				CLANG_WARN_COMMA = YES;
				CLANG_WARN_CONSTANT_CONVERSION = YES;
				CLANG_WARN_DEPRECATED_OBJC_IMPLEMENTATIONS = YES;
				CLANG_WARN_DIRECT_OBJC_ISA_USAGE = YES_ERROR;
				CLANG_WARN_DOCUMENTATION_COMMENTS = YES;
				CLANG_WARN_EMPTY_BODY = YES;
				CLANG_WARN_ENUM_CONVERSION = YES;
				CLANG_WARN_INFINITE_RECURSION = YES;
				CLANG_WARN_INT_CONVERSION = YES;
				CLANG_WARN_NON_LITERAL_NULL_CONVERSION = YES;
				CLANG_WARN_OBJC_IMPLICIT_RETAIN_SELF = YES;
				CLANG_WARN_OBJC_LITERAL_CONVERSION = YES;
				CLANG_WARN_OBJC_ROOT_CLASS = YES_ERROR;
				CLANG_WARN_QUOTED_INCLUDE_IN_FRAMEWORK_HEADER = YES;
				CLANG_WARN_RANGE_LOOP_ANALYSIS = YES;
				CLANG_WARN_STRICT_PROTOTYPES = YES;
				CLANG_WARN_SUSPICIOUS_MOVE = YES;
				CLANG_WARN_UNGUARDED_AVAILABILITY = YES_AGGRESSIVE;
				CLANG_WARN_UNREACHABLE_CODE = YES;
				CLANG_WARN__DUPLICATE_METHOD_MATCH = YES;
				COPY_PHASE_STRIP = NO;
				DEBUG_INFORMATION_FORMAT = "dwarf-with-dsym";
				ENABLE_NS_ASSERTIONS = NO;
				ENABLE_STRICT_OBJC_MSGSEND = YES;
				GCC_C_LANGUAGE_STANDARD = gnu11;
				GCC_NO_COMMON_BLOCKS = YES;
				GCC_WARN_64_TO_32_BIT_CONVERSION = YES;
				GCC_WARN_ABOUT_RETURN_TYPE = YES_ERROR;
				GCC_WARN_UNDECLARED_SELECTOR = YES;
				GCC_WARN_UNINITIALIZED_AUTOS = YES_AGGRESSIVE;
				GCC_WARN_UNUSED_FUNCTION = YES;
				GCC_WARN_UNUSED_VARIABLE = YES;
				IPHONEOS_DEPLOYMENT_TARGET = 16.0;
				MTL_ENABLE_DEBUG_INFO = NO;
				MTL_FAST_MATH = YES;
				SDKROOT = iphoneos;
				SWIFT_COMPILATION_MODE = wholemodule;
				SWIFT_OPTIMIZATION_LEVEL = "-O";
				VALIDATE_PRODUCT = YES;
			};
			name = Release;
		};
		85D0785828EAA8C90031A2AE /* Debug */ = {
			isa = XCBuildConfiguration;
			buildSettings = {
				ASSETCATALOG_COMPILER_APPICON_NAME = AppIcon;
				ASSETCATALOG_COMPILER_GLOBAL_ACCENT_COLOR_NAME = AccentColor;
				CODE_SIGN_STYLE = Automatic;
				CURRENT_PROJECT_VERSION = 1;
				DEVELOPMENT_TEAM = 5AJPCAS7TS;
				GENERATE_INFOPLIST_FILE = YES;
				INFOPLIST_FILE = first_assignment/Info.plist;
				INFOPLIST_KEY_UIApplicationSupportsIndirectInputEvents = YES;
				INFOPLIST_KEY_UILaunchStoryboardName = LaunchScreen;
				INFOPLIST_KEY_UIMainStoryboardFile = Main;
				INFOPLIST_KEY_UISupportedInterfaceOrientations_iPad = "UIInterfaceOrientationPortrait UIInterfaceOrientationPortraitUpsideDown UIInterfaceOrientationLandscapeLeft UIInterfaceOrientationLandscapeRight";
				INFOPLIST_KEY_UISupportedInterfaceOrientations_iPhone = "UIInterfaceOrientationPortrait UIInterfaceOrientationLandscapeLeft UIInterfaceOrientationLandscapeRight";
				LD_RUNPATH_SEARCH_PATHS = (
					"$(inherited)",
					"@executable_path/Frameworks",
				);
				MARKETING_VERSION = 1.0;
				PRODUCT_BUNDLE_IDENTIFIER = Saint.first_assignment;
				PRODUCT_NAME = "$(TARGET_NAME)";
				SWIFT_EMIT_LOC_STRINGS = YES;
				SWIFT_VERSION = 5.0;
				TARGETED_DEVICE_FAMILY = "1,2";
			};
			name = Debug;
		};
		85D0785928EAA8C90031A2AE /* Release */ = {
			isa = XCBuildConfiguration;
			buildSettings = {
				ASSETCATALOG_COMPILER_APPICON_NAME = AppIcon;
				ASSETCATALOG_COMPILER_GLOBAL_ACCENT_COLOR_NAME = AccentColor;
				CODE_SIGN_STYLE = Automatic;
				CURRENT_PROJECT_VERSION = 1;
				DEVELOPMENT_TEAM = 5AJPCAS7TS;
				GENERATE_INFOPLIST_FILE = YES;
				INFOPLIST_FILE = first_assignment/Info.plist;
				INFOPLIST_KEY_UIApplicationSupportsIndirectInputEvents = YES;
				INFOPLIST_KEY_UILaunchStoryboardName = LaunchScreen;
				INFOPLIST_KEY_UIMainStoryboardFile = Main;
				INFOPLIST_KEY_UISupportedInterfaceOrientations_iPad = "UIInterfaceOrientationPortrait UIInterfaceOrientationPortraitUpsideDown UIInterfaceOrientationLandscapeLeft UIInterfaceOrientationLandscapeRight";
				INFOPLIST_KEY_UISupportedInterfaceOrientations_iPhone = "UIInterfaceOrientationPortrait UIInterfaceOrientationLandscapeLeft UIInterfaceOrientationLandscapeRight";
				LD_RUNPATH_SEARCH_PATHS = (
					"$(inherited)",
					"@executable_path/Frameworks",
				);
				MARKETING_VERSION = 1.0;
				PRODUCT_BUNDLE_IDENTIFIER = Saint.first_assignment;
				PRODUCT_NAME = "$(TARGET_NAME)";
				SWIFT_EMIT_LOC_STRINGS = YES;
				SWIFT_VERSION = 5.0;
				TARGETED_DEVICE_FAMILY = "1,2";
			};
			name = Release;
		};
/* End XCBuildConfiguration section */

/* Begin XCConfigurationList section */
		85D0783E28EAA8C80031A2AE /* Build configuration list for PBXProject "fist_assignment" */ = {
			isa = XCConfigurationList;
			buildConfigurations = (
				85D0785528EAA8C90031A2AE /* Debug */,
				85D0785628EAA8C90031A2AE /* Release */,
			);
			defaultConfigurationIsVisible = 0;
			defaultConfigurationName = Release;
		};
		85D0785728EAA8C90031A2AE /* Build configuration list for PBXNativeTarget "fist_assignment" */ = {
			isa = XCConfigurationList;
			buildConfigurations = (
				85D0785828EAA8C90031A2AE /* Debug */,
				85D0785928EAA8C90031A2AE /* Release */,
			);
			defaultConfigurationIsVisible = 0;
			defaultConfigurationName = Release;
		};
/* End XCConfigurationList section */

/* Begin XCRemoteSwiftPackageReference section */
		85ECE4AA28F56EA000050B6F /* XCRemoteSwiftPackageReference "SnapKit" */ = {
			isa = XCRemoteSwiftPackageReference;
			repositoryURL = "https://github.com/SnapKit/SnapKit";
			requirement = {
				kind = upToNextMajorVersion;
				minimumVersion = 5.0.0;
			};
		};
/* End XCRemoteSwiftPackageReference section */
	};
	rootObject = 85D0783B28EAA8C80031A2AE /* Project object */;
}
